
Microsoft Visual Studio Solution File, Format Version 12.00
# Visual Studio 14
VisualStudioVersion = 14.0.23107.0
MinimumVisualStudioVersion = 10.0.40219.1
Project("{8BC9CEB8-8B4A-11D0-8D11-00A0C91BC942}") = "爸爸去哪儿之一", "爸爸去哪儿之一\爸爸去哪儿之一.vcxproj", "{D3F3A40B-2B2D-4C1F-8BB8-B9BBB03F8428}"
EndProject
Global
	GlobalSection(SolutionConfigurationPlatforms) = preSolution
		Debug|x64 = Debug|x64
		Debug|x86 = Debug|x86
		Release|x64 = Release|x64
		Release|x86 = Release|x86
	EndGlobalSection
	GlobalSection(ProjectConfigurationPlatforms) = postSolution
		{D3F3A40B-2B2D-4C1F-8BB8-B9BBB03F8428}.Debug|x64.ActiveCfg = Debug|x64
		{D3F3A40B-2B2D-4C1F-8BB8-B9BBB03F8428}.Debug|x64.Build.0 = Debug|x64
		{D3F3A40B-2B2D-4C1F-8BB8-B9BBB03F8428}.Debug|x86.ActiveCfg = Debug|Win32
		{D3F3A40B-2B2D-4C1F-8BB8-B9BBB03F8428}.Debug|x86.Build.0 = Debug|Win32
		{D3F3A40B-2B2D-4C1F-8BB8-B9BBB03F8428}.Release|x64.ActiveCfg = Release|x64
		{D3F3A40B-2B2D-4C1F-8BB8-B9BBB03F8428}.Release|x64.Build.0 = Release|x64
		{D3F3A40B-2B2D-4C1F-8BB8-B9BBB03F8428}.Release|x86.ActiveCfg = Release|Win32
		{D3F3A40B-2B2D-4C1F-8BB8-B9BBB03F8428}.Release|x86.Build.0 = Release|Win32
	EndGlobalSection
	GlobalSection(SolutionProperties) = preSolution
		HideSolutionNode = FALSE
	EndGlobalSection
EndGlobal
